{
  "name": "skylark-jquery",
  "version": "0.9.6",
  "lockfileVersion": 1,
  "requires": true,
  "dependencies": {
    "skylark-langx": {
      "version": "git+https://github.com/skylarklangx/skylark-langx.git#18db270909d9326c310fda028a26414d416b01f2",
      "from": "git+https://github.com/skylarklangx/skylark-langx.git#master"
    },
    "skylark-utils-dom": {
      "version": "git+https://github.com/skylarkutils/skylark-utils-dom.git#fb1846f888424849ade8679fb17c5867d138c4c3",
      "from": "git+https://github.com/skylarkutils/skylark-utils-dom.git#master",
      "requires": {
        "skylark-langx": "git+https://github.com/skylarklangx/skylark-langx.git#master"
      }
    }
  }
}
