{
  "name": "skylark-jquery",
  "version": "0.9.6",
  "lockfileVersion": 1,
  "requires": true,
  "dependencies": {
    "skylark-domx-browser": {
      "version": "git+https://github.com/skylark-domx/skylark-domx-browser.git#9b8008615839b07d0af1a4f1db249d215c40f3b4",
      "from": "git+https://github.com/skylark-domx/skylark-domx-browser.git#master",
      "requires": {
        "skylark-langx": "git+https://github.com/skylarklangx/skylark-langx.git#master"
      }
    },
    "skylark-domx-data": {
      "version": "git+https://github.com/skylark-domx/skylark-domx-data.git#172ab2dd89272f8d128dc152fd838377f8c8d66e",
      "from": "git+https://github.com/skylark-domx/skylark-domx-data.git#master",
      "requires": {
        "skylark-domx-finder": "git+https://github.com/skylark-domx/skylark-domx-finder.git#master",
        "skylark-domx-noder": "git+https://github.com/skylark-domx/skylark-domx-noder.git#master",
        "skylark-domx-query": "git+https://github.com/skylark-domx/skylark-domx-query.git#master",
        "skylark-domx-velm": "git+https://github.com/skylark-domx/skylark-domx-velm.git#master",
        "skylark-langx": "git+https://github.com/skylarklangx/skylark-langx.git#master"
      }
    },
    "skylark-domx-eventer": {
      "version": "git+https://github.com/skylark-domx/skylark-domx-eventer.git#220fd4fc202c093eecafd3c8afcc1bb20b9e8e59",
      "from": "git+https://github.com/skylark-domx/skylark-domx-eventer.git#master",
      "requires": {
        "skylark-domx-browser": "git+https://github.com/skylark-domx/skylark-domx-browser.git#master",
        "skylark-domx-data": "git+https://github.com/skylark-domx/skylark-domx-data.git#master",
        "skylark-domx-finder": "git+https://github.com/skylark-domx/skylark-domx-finder.git#master",
        "skylark-domx-noder": "git+https://github.com/skylark-domx/skylark-domx-noder.git#master",
        "skylark-domx-query": "git+https://github.com/skylark-domx/skylark-domx-query.git#master",
        "skylark-domx-velm": "git+https://github.com/skylark-domx/skylark-domx-velm.git#master",
        "skylark-langx": "git+https://github.com/skylarklangx/skylark-langx.git#master"
      }
    },
    "skylark-domx-finder": {
      "version": "git+https://github.com/skylark-domx/skylark-domx-finder.git#217ee7ef54e57c47b24a4fd4d3404cdc3abb8eb6",
      "from": "git+https://github.com/skylark-domx/skylark-domx-finder.git#master",
      "requires": {
        "skylark-domx-browser": "git+https://github.com/skylark-domx/skylark-domx-browser.git#master",
        "skylark-domx-noder": "git+https://github.com/skylark-domx/skylark-domx-noder.git#master",
        "skylark-langx": "git+https://github.com/skylarklangx/skylark-langx.git#master"
      }
    },
    "skylark-domx-fx": {
      "version": "git+https://github.com/skylark-domx/skylark-domx-fx.git#26285686e45e4ecf927145ecf73c2bc08bc74aeb",
      "from": "git+https://github.com/skylark-domx/skylark-domx-fx.git#master",
      "requires": {
        "skylark-domx-browser": "git+https://github.com/skylark-domx/skylark-domx-browser.git#master",
        "skylark-domx-eventer": "git+https://github.com/skylark-domx/skylark-domx-eventer.git#master",
        "skylark-domx-geom": "git+https://github.com/skylark-domx/skylark-domx-geom.git#master",
        "skylark-domx-noder": "git+https://github.com/skylark-domx/skylark-domx-noder.git#master",
        "skylark-domx-query": "git+https://github.com/skylark-domx/skylark-domx-query.git#master",
        "skylark-domx-styler": "git+https://github.com/skylark-domx/skylark-domx-styler.git#master",
        "skylark-domx-velm": "git+https://github.com/skylark-domx/skylark-domx-velm.git#master",
        "skylark-langx": "git+https://github.com/skylarklangx/skylark-langx.git#master"
      }
    },
    "skylark-domx-geom": {
      "version": "git+https://github.com/skylark-domx/skylark-domx-geom.git#603de5b8c97d161e3368498325b985a9fb58875c",
      "from": "git+https://github.com/skylark-domx/skylark-domx-geom.git#master",
      "requires": {
        "skylark-domx-noder": "git+https://github.com/skylark-domx/skylark-domx-noder.git#master",
        "skylark-domx-query": "git+https://github.com/skylark-domx/skylark-domx-query.git#master",
        "skylark-domx-styler": "git+https://github.com/skylark-domx/skylark-domx-styler.git#master",
        "skylark-domx-velm": "git+https://github.com/skylark-domx/skylark-domx-velm.git#master",
        "skylark-langx": "git+https://github.com/skylarklangx/skylark-langx.git#master"
      }
    },
    "skylark-domx-noder": {
      "version": "git+https://github.com/skylark-domx/skylark-domx-noder.git#4ddfcb5755466e110037d10a3132a6ce6ce6bf00",
      "from": "git+https://github.com/skylark-domx/skylark-domx-noder.git#master",
      "requires": {
        "skylark-domx-browser": "git+https://github.com/skylark-domx/skylark-domx-browser.git#master",
        "skylark-langx": "git+https://github.com/skylarklangx/skylark-langx.git#master"
      }
    },
    "skylark-domx-plugins": {
      "version": "git+https://github.com/skylark-domx/skylark-domx-plugins.git#b1fc3d82c591b8338ff00097da34b85be1fe1fe3",
      "from": "git+https://github.com/skylark-domx/skylark-domx-plugins.git#master",
      "requires": {
        "skylark-domx-data": "git+https://github.com/skylark-domx/skylark-domx-data.git#master",
        "skylark-domx-eventer": "git+https://github.com/skylark-domx/skylark-domx-eventer.git#master",
        "skylark-domx-finder": "git+https://github.com/skylark-domx/skylark-domx-finder.git#master",
        "skylark-domx-fx": "git+https://github.com/skylark-domx/skylark-domx-fx.git#master",
        "skylark-domx-geom": "git+https://github.com/skylark-domx/skylark-domx-geom.git#master",
        "skylark-domx-noder": "git+https://github.com/skylark-domx/skylark-domx-noder.git#master",
        "skylark-domx-query": "git+https://github.com/skylark-domx/skylark-domx-query.git#master",
        "skylark-domx-styler": "git+https://github.com/skylark-domx/skylark-domx-styler.git#master",
        "skylark-domx-velm": "git+https://github.com/skylark-domx/skylark-domx-velm.git#master",
        "skylark-langx": "git+https://github.com/skylarklangx/skylark-langx.git#master"
      }
    },
    "skylark-domx-query": {
      "version": "git+https://github.com/skylark-domx/skylark-domx-query.git#b5d4095d9cb799ac69db103153eaeb9b1b225e59",
      "from": "git+https://github.com/skylark-domx/skylark-domx-query.git#master",
      "requires": {
        "skylark-domx-browser": "git+https://github.com/skylark-domx/skylark-domx-browser.git#master",
        "skylark-domx-finder": "git+https://github.com/skylark-domx/skylark-domx-finder.git#master",
        "skylark-domx-noder": "git+https://github.com/skylark-domx/skylark-domx-noder.git#master",
        "skylark-langx": "git+https://github.com/skylarklangx/skylark-langx.git#master"
      }
    },
    "skylark-domx-styler": {
      "version": "git+https://github.com/skylark-domx/skylark-domx-styler.git#031b1ceca3d8752d30edbeee5ee840be15e8eaa6",
      "from": "git+https://github.com/skylark-domx/skylark-domx-styler.git#master",
      "requires": {
        "skylark-domx-query": "git+https://github.com/skylark-domx/skylark-domx-query.git#master",
        "skylark-domx-velm": "git+https://github.com/skylark-domx/skylark-domx-velm.git#master",
        "skylark-langx": "git+https://github.com/skylarklangx/skylark-langx.git#master"
      }
    },
    "skylark-domx-velm": {
      "version": "git+https://github.com/skylark-domx/skylark-domx-velm.git#daa368448cf35f5411a959fd72afb4b59773a747",
      "from": "git+https://github.com/skylark-domx/skylark-domx-velm.git#master",
      "requires": {
        "skylark-domx-finder": "git+https://github.com/skylark-domx/skylark-domx-finder.git#master",
        "skylark-domx-noder": "git+https://github.com/skylark-domx/skylark-domx-noder.git#master",
        "skylark-domx-query": "git+https://github.com/skylark-domx/skylark-domx-query.git#master",
        "skylark-langx": "git+https://github.com/skylarklangx/skylark-langx.git#master"
      }
    },
    "skylark-langx": {
      "version": "git+https://github.com/skylarklangx/skylark-langx.git#14072aa37f173b023cbbc25a4a788069043c7664",
      "from": "git+https://github.com/skylarklangx/skylark-langx.git#master",
      "requires": {
        "skylark-langx-arrays": "git+https://github.com/skylarklangx/skylark-langx-arrays.git#master",
        "skylark-langx-aspect": "git+https://github.com/skylarklangx/skylark-langx-aspect.git#master",
        "skylark-langx-async": "git+https://github.com/skylarklangx/skylark-langx-async.git#master",
        "skylark-langx-datetimes": "git+https://github.com/skylarklangx/skylark-langx-datetimes.git#master",
        "skylark-langx-emitter": "git+https://github.com/skylarklangx/skylark-langx-emitter.git#master",
        "skylark-langx-funcs": "git+https://github.com/skylarklangx/skylark-langx-funcs.git#master",
        "skylark-langx-hoster": "git+https://github.com/skylarklangx/skylark-langx-hoster.git#master",
        "skylark-langx-klass": "git+https://github.com/skylarklangx/skylark-langx-klass.git#master",
        "skylark-langx-ns": "git+https://github.com/skylarklangx/skylark-langx-ns.git#master",
        "skylark-langx-numbers": "git+https://github.com/skylarklangx/skylark-langx-numbers.git#master",
        "skylark-langx-objects": "git+https://github.com/skylarklangx/skylark-langx-objects.git#master",
        "skylark-langx-strings": "git+https://github.com/skylarklangx/skylark-langx-strings.git#master",
        "skylark-langx-topic": "git+https://github.com/skylarklangx/skylark-langx-topic.git#master",
        "skylark-langx-types": "git+https://github.com/skylarklangx/skylark-langx-types.git#master"
      }
    },
    "skylark-langx-arrays": {
      "version": "git+https://github.com/skylarklangx/skylark-langx-arrays.git#2fed96ebee74948c38bae070f087cde585905ad8",
      "from": "git+https://github.com/skylarklangx/skylark-langx-arrays.git#master",
      "requires": {
        "skylark-langx-ns": "git+https://github.com/skylarklangx/skylark-langx-ns.git#master",
        "skylark-langx-objects": "git+https://github.com/skylarklangx/skylark-langx-objects.git#master",
        "skylark-langx-types": "git+https://github.com/skylarklangx/skylark-langx-types.git#master"
      }
    },
    "skylark-langx-aspect": {
      "version": "git+https://github.com/skylarklangx/skylark-langx-aspect.git#492bfe11ea812b043eee194bc026face9dffd16b",
      "from": "git+https://github.com/skylarklangx/skylark-langx-aspect.git#master",
      "requires": {
        "skylark-langx-ns": "git+https://github.com/skylarklangx/skylark-langx-ns.git#master"
      }
    },
    "skylark-langx-async": {
      "version": "git+https://github.com/skylarklangx/skylark-langx-async.git#1205f7015503f1cb4533ea6404c12650176f8594",
      "from": "git+https://github.com/skylarklangx/skylark-langx-async.git#master",
      "requires": {
        "skylark-langx-arrays": "git+https://github.com/skylarklangx/skylark-langx-arrays.git#master",
        "skylark-langx-funcs": "git+https://github.com/skylarklangx/skylark-langx-funcs.git#master",
        "skylark-langx-ns": "git+https://github.com/skylarklangx/skylark-langx-ns.git#master",
        "skylark-langx-objects": "git+https://github.com/skylarklangx/skylark-langx-objects.git#master",
        "skylark-langx-types": "git+https://github.com/skylarklangx/skylark-langx-types.git#master"
      }
    },
    "skylark-langx-datetimes": {
      "version": "git+https://github.com/skylarklangx/skylark-langx-datetimes.git#bf1f1609262f660736182f54982855f2ab06e0e3",
      "from": "git+https://github.com/skylarklangx/skylark-langx-datetimes.git#master",
      "requires": {
        "skylark-langx-ns": "git+https://github.com/skylarklangx/skylark-langx-ns.git#master"
      }
    },
    "skylark-langx-emitter": {
      "version": "git+https://github.com/skylarklangx/skylark-langx-emitter.git#98e7261ffa746f86b27e22f9874ae852a82355e0",
      "from": "git+https://github.com/skylarklangx/skylark-langx-emitter.git#master",
      "requires": {
        "skylark-langx-arrays": "git+https://github.com/skylarklangx/skylark-langx-arrays.git#master",
        "skylark-langx-klass": "git+https://github.com/skylarklangx/skylark-langx-klass.git#master",
        "skylark-langx-ns": "git+https://github.com/skylarklangx/skylark-langx-ns.git#master",
        "skylark-langx-objects": "git+https://github.com/skylarklangx/skylark-langx-objects.git#master",
        "skylark-langx-types": "git+https://github.com/skylarklangx/skylark-langx-types.git#master"
      }
    },
    "skylark-langx-funcs": {
      "version": "git+https://github.com/skylarklangx/skylark-langx-funcs.git#ec4f0d5f4bcdb0096e4616f827e857f9ed94db9c",
      "from": "git+https://github.com/skylarklangx/skylark-langx-funcs.git#master",
      "requires": {
        "skylark-langx-ns": "git+https://github.com/skylarklangx/skylark-langx-ns.git#master",
        "skylark-langx-objects": "git+https://github.com/skylarklangx/skylark-langx-objects.git#master",
        "skylark-langx-types": "git+https://github.com/skylarklangx/skylark-langx-types.git#master"
      }
    },
    "skylark-langx-hoster": {
      "version": "git+https://github.com/skylarklangx/skylark-langx-hoster.git#b818d264b9f3f831e4d1a7f45e1e65d2ca8f80c6",
      "from": "git+https://github.com/skylarklangx/skylark-langx-hoster.git#master",
      "requires": {
        "skylark-langx-ns": "git+https://github.com/skylarklangx/skylark-langx-ns.git#master"
      }
    },
    "skylark-langx-klass": {
      "version": "git+https://github.com/skylarklangx/skylark-langx-klass.git#f820a94bbd903bfb299cadfb5121c6cd60ec8316",
      "from": "git+https://github.com/skylarklangx/skylark-langx-klass.git#master",
      "requires": {
        "skylark-langx-arrays": "git+https://github.com/skylarklangx/skylark-langx-arrays.git#master",
        "skylark-langx-ns": "git+https://github.com/skylarklangx/skylark-langx-ns.git#master",
        "skylark-langx-objects": "git+https://github.com/skylarklangx/skylark-langx-objects.git#master",
        "skylark-langx-types": "git+https://github.com/skylarklangx/skylark-langx-types.git#master"
      }
    },
    "skylark-langx-ns": {
      "version": "git+https://github.com/skylarklangx/skylark-langx-ns.git#a2c2d17dd695e6a11de77d82a0a050da8ffd2759",
      "from": "git+https://github.com/skylarklangx/skylark-langx-ns.git#master"
    },
    "skylark-langx-numbers": {
      "version": "git+https://github.com/skylarklangx/skylark-langx-numbers.git#5410d04bfa39b6f2723ac79f58716fc208c2dc1d",
      "from": "git+https://github.com/skylarklangx/skylark-langx-numbers.git#master",
      "requires": {
        "skylark-langx-ns": "git+https://github.com/skylarklangx/skylark-langx-ns.git#master",
        "skylark-langx-types": "git+https://github.com/skylarklangx/skylark-langx-types.git#master"
      }
    },
    "skylark-langx-objects": {
      "version": "git+https://github.com/skylarklangx/skylark-langx-objects.git#a6af0be463b42956673c204964569f2a3d861a26",
      "from": "git+https://github.com/skylarklangx/skylark-langx-objects.git#master",
      "requires": {
        "skylark-langx-ns": "git+https://github.com/skylarklangx/skylark-langx-ns.git#master",
        "skylark-langx-numbers": "git+https://github.com/skylarklangx/skylark-langx-numbers.git#master",
        "skylark-langx-types": "git+https://github.com/skylarklangx/skylark-langx-types.git#master"
      }
    },
    "skylark-langx-strings": {
      "version": "git+https://github.com/skylarklangx/skylark-langx-strings.git#6a00b361cf0b0d261406cfde17a69fb14d5d0ec4",
      "from": "git+https://github.com/skylarklangx/skylark-langx-strings.git#master",
      "requires": {
        "skylark-langx-ns": "git+https://github.com/skylarklangx/skylark-langx-ns.git#master"
      }
    },
    "skylark-langx-topic": {
      "version": "git+https://github.com/skylarklangx/skylark-langx-topic.git#9224acad06b7f48f3fc8ee21c640b36d811b7928",
      "from": "git+https://github.com/skylarklangx/skylark-langx-topic.git#master",
      "requires": {
        "skylark-langx-emitter": "git+https://github.com/skylarklangx/skylark-langx-emitter.git#master",
        "skylark-langx-ns": "git+https://github.com/skylarklangx/skylark-langx-ns.git#master"
      }
    },
    "skylark-langx-types": {
      "version": "git+https://github.com/skylarklangx/skylark-langx-types.git#ab15f0142fb03f40f4504745385108f172ab9d4b",
      "from": "git+https://github.com/skylarklangx/skylark-langx-types.git#master",
      "requires": {
        "skylark-langx-ns": "git+https://github.com/skylarklangx/skylark-langx-ns.git#master"
      }
    },
    "skylark-net-http": {
      "version": "git+https://github.com/skylark-net/skylark-net-http.git#acc7a800045d5246807fb99eef91282abce4f724",
      "from": "git+https://github.com/skylark-net/skylark-net-http.git#master",
      "requires": {
        "skylark-langx-arrays": "git+https://github.com/skylarklangx/skylark-langx-arrays.git#master",
        "skylark-langx-async": "git+https://github.com/skylarklangx/skylark-langx-async.git#master",
        "skylark-langx-emitter": "git+https://github.com/skylarklangx/skylark-langx-emitter.git#master",
        "skylark-langx-funcs": "git+https://github.com/skylarklangx/skylark-langx-funcs.git#master",
        "skylark-langx-ns": "git+https://github.com/skylarklangx/skylark-langx-ns.git#master",
        "skylark-langx-objects": "git+https://github.com/skylarklangx/skylark-langx-objects.git#master",
        "skylark-langx-strings": "git+https://github.com/skylarklangx/skylark-langx-strings.git#master",
        "skylark-langx-types": "git+https://github.com/skylarklangx/skylark-langx-types.git#master"
      }
    }
  }
}
