{
  "name": "skylark-jquery",
  "version": "0.9.6",
  "lockfileVersion": 1,
  "requires": true,
  "dependencies": {
    "skylark-domx-browser": {
      "version": "git+https://github.com/skylark-domx/skylark-domx-browser.git#3115f42214ee7732cd31bce65f376235b16d0402",
      "from": "git+https://github.com/skylark-domx/skylark-domx-browser.git#master",
      "requires": {
        "skylark-langx": "git+https://github.com/skylark-langx/skylark-langx.git#master"
      }
    },
    "skylark-domx-data": {
      "version": "git+https://github.com/skylark-domx/skylark-domx-data.git#cb2ab7ec1db48cf27ad6f3b1e6613e109c4ac2a5",
      "from": "git+https://github.com/skylark-domx/skylark-domx-data.git#master",
      "requires": {
        "skylark-domx-finder": "git+https://github.com/skylark-domx/skylark-domx-finder.git#master",
        "skylark-domx-noder": "git+https://github.com/skylark-domx/skylark-domx-noder.git#master",
        "skylark-domx-query": "git+https://github.com/skylark-domx/skylark-domx-query.git#master",
        "skylark-domx-velm": "git+https://github.com/skylark-domx/skylark-domx-velm.git#master",
        "skylark-langx": "git+https://github.com/skylark-langx/skylark-langx.git#master"
      }
    },
    "skylark-domx-eventer": {
      "version": "git+https://github.com/skylark-domx/skylark-domx-eventer.git#2271e683219aa38fd3ccf78fcb0c89add3a1854f",
      "from": "git+https://github.com/skylark-domx/skylark-domx-eventer.git#master",
      "requires": {
        "skylark-domx-browser": "git+https://github.com/skylark-domx/skylark-domx-browser.git#master",
        "skylark-domx-data": "git+https://github.com/skylark-domx/skylark-domx-data.git#master",
        "skylark-domx-finder": "git+https://github.com/skylark-domx/skylark-domx-finder.git#master",
        "skylark-domx-noder": "git+https://github.com/skylark-domx/skylark-domx-noder.git#master",
        "skylark-domx-query": "git+https://github.com/skylark-domx/skylark-domx-query.git#master",
        "skylark-domx-velm": "git+https://github.com/skylark-domx/skylark-domx-velm.git#master",
        "skylark-langx": "git+https://github.com/skylark-langx/skylark-langx.git#master"
      }
    },
    "skylark-domx-finder": {
      "version": "git+https://github.com/skylark-domx/skylark-domx-finder.git#8c371f550ef49c20170700693ff9b3e77df2ba39",
      "from": "git+https://github.com/skylark-domx/skylark-domx-finder.git#master",
      "requires": {
        "skylark-domx-browser": "git+https://github.com/skylark-domx/skylark-domx-browser.git#master",
        "skylark-domx-noder": "git+https://github.com/skylark-domx/skylark-domx-noder.git#master",
        "skylark-langx": "git+https://github.com/skylark-langx/skylark-langx.git#master"
      }
    },
    "skylark-domx-forms": {
      "version": "git+https://github.com/skylark-domx/skylark-domx-forms.git#9c59df9cd18cc5d46ee24d8ac513224a7fc66655",
      "from": "git+https://github.com/skylark-domx/skylark-domx-forms.git#master",
      "requires": {
        "skylark-domx-data": "git+https://github.com/skylark-domx/skylark-domx-data.git#master",
        "skylark-domx-query": "git+https://github.com/skylark-domx/skylark-domx-query.git#master",
        "skylark-domx-velm": "git+https://github.com/skylark-domx/skylark-domx-velm.git#master",
        "skylark-langx": "git+https://github.com/skylark-langx/skylark-langx.git#master"
      }
    },
    "skylark-domx-fx": {
      "version": "git+https://github.com/skylark-domx/skylark-domx-fx.git#579bf199aaa6c8f1a2e06ffb6d0f8ceaa9972e24",
      "from": "git+https://github.com/skylark-domx/skylark-domx-fx.git#master",
      "requires": {
        "skylark-domx-browser": "git+https://github.com/skylark-domx/skylark-domx-browser.git#master",
        "skylark-domx-eventer": "git+https://github.com/skylark-domx/skylark-domx-eventer.git#master",
        "skylark-domx-geom": "git+https://github.com/skylark-domx/skylark-domx-geom.git#master",
        "skylark-domx-noder": "git+https://github.com/skylark-domx/skylark-domx-noder.git#master",
        "skylark-domx-query": "git+https://github.com/skylark-domx/skylark-domx-query.git#master",
        "skylark-domx-styler": "git+https://github.com/skylark-domx/skylark-domx-styler.git#master",
        "skylark-domx-velm": "git+https://github.com/skylark-domx/skylark-domx-velm.git#master",
        "skylark-langx": "git+https://github.com/skylark-langx/skylark-langx.git#master"
      }
    },
    "skylark-domx-geom": {
      "version": "git+https://github.com/skylark-domx/skylark-domx-geom.git#981eda7f89ce5c1baa3b7f050459ff2dd155a3c2",
      "from": "git+https://github.com/skylark-domx/skylark-domx-geom.git#master",
      "requires": {
        "skylark-domx-noder": "git+https://github.com/skylark-domx/skylark-domx-noder.git#master",
        "skylark-domx-query": "git+https://github.com/skylark-domx/skylark-domx-query.git#master",
        "skylark-domx-styler": "git+https://github.com/skylark-domx/skylark-domx-styler.git#master",
        "skylark-domx-velm": "git+https://github.com/skylark-domx/skylark-domx-velm.git#master",
        "skylark-langx": "git+https://github.com/skylark-langx/skylark-langx.git#master"
      }
    },
    "skylark-domx-noder": {
      "version": "git+https://github.com/skylark-domx/skylark-domx-noder.git#f0e107eb16107583557efbdc3793fd043e2cc52b",
      "from": "git+https://github.com/skylark-domx/skylark-domx-noder.git#master",
      "requires": {
        "skylark-domx-browser": "git+https://github.com/skylark-domx/skylark-domx-browser.git#master",
        "skylark-langx": "git+https://github.com/skylark-langx/skylark-langx.git#master"
      }
    },
    "skylark-domx-plugins": {
      "version": "git+https://github.com/skylark-domx/skylark-domx-plugins.git#5fe6a667da8780358c4d9fe623834314cf0ffd77",
      "from": "git+https://github.com/skylark-domx/skylark-domx-plugins.git#master",
      "requires": {
        "skylark-domx-data": "git+https://github.com/skylark-domx/skylark-domx-data.git#master",
        "skylark-domx-eventer": "git+https://github.com/skylark-domx/skylark-domx-eventer.git#master",
        "skylark-domx-finder": "git+https://github.com/skylark-domx/skylark-domx-finder.git#master",
        "skylark-domx-fx": "git+https://github.com/skylark-domx/skylark-domx-fx.git#master",
        "skylark-domx-geom": "git+https://github.com/skylark-domx/skylark-domx-geom.git#master",
        "skylark-domx-noder": "git+https://github.com/skylark-domx/skylark-domx-noder.git#master",
        "skylark-domx-query": "git+https://github.com/skylark-domx/skylark-domx-query.git#master",
        "skylark-domx-styler": "git+https://github.com/skylark-domx/skylark-domx-styler.git#master",
        "skylark-domx-velm": "git+https://github.com/skylark-domx/skylark-domx-velm.git#master",
        "skylark-langx": "git+https://github.com/skylark-langx/skylark-langx.git#master"
      }
    },
    "skylark-domx-query": {
      "version": "git+https://github.com/skylark-domx/skylark-domx-query.git#3026da891766d10218b8b86bf3e658e9f095ea7e",
      "from": "git+https://github.com/skylark-domx/skylark-domx-query.git#master",
      "requires": {
        "skylark-domx-browser": "git+https://github.com/skylark-domx/skylark-domx-browser.git#master",
        "skylark-domx-finder": "git+https://github.com/skylark-domx/skylark-domx-finder.git#master",
        "skylark-domx-noder": "git+https://github.com/skylark-domx/skylark-domx-noder.git#master",
        "skylark-langx": "git+https://github.com/skylark-langx/skylark-langx.git#master"
      }
    },
    "skylark-domx-scripter": {
      "version": "git+https://github.com/skylark-domx/skylark-domx-scripter.git#72ef26c116cb8f73058b8b5ad9176576ae85a443",
      "from": "git+https://github.com/skylark-domx/skylark-domx-scripter.git#master",
      "requires": {
        "skylark-domx-finder": "git+https://github.com/skylark-domx/skylark-domx-finder.git#master",
        "skylark-domx-noder": "git+https://github.com/skylark-domx/skylark-domx-noder.git#master",
        "skylark-domx-query": "git+https://github.com/skylark-domx/skylark-domx-query.git#master",
        "skylark-domx-velm": "git+https://github.com/skylark-domx/skylark-domx-velm.git#master",
        "skylark-langx": "git+https://github.com/skylark-langx/skylark-langx.git#master"
      }
    },
    "skylark-domx-styler": {
      "version": "git+https://github.com/skylark-domx/skylark-domx-styler.git#1cd3790621a01492e349a970cc601379d45e9e1c",
      "from": "git+https://github.com/skylark-domx/skylark-domx-styler.git#master",
      "requires": {
        "skylark-domx-query": "git+https://github.com/skylark-domx/skylark-domx-query.git#master",
        "skylark-domx-velm": "git+https://github.com/skylark-domx/skylark-domx-velm.git#master",
        "skylark-langx": "git+https://github.com/skylark-langx/skylark-langx.git#master"
      }
    },
    "skylark-domx-velm": {
      "version": "git+https://github.com/skylark-domx/skylark-domx-velm.git#76e850c8aa47015b68d94e5a57c6e02b130d3b7c",
      "from": "git+https://github.com/skylark-domx/skylark-domx-velm.git#master",
      "requires": {
        "skylark-domx-finder": "git+https://github.com/skylark-domx/skylark-domx-finder.git#master",
        "skylark-domx-noder": "git+https://github.com/skylark-domx/skylark-domx-noder.git#master",
        "skylark-domx-query": "git+https://github.com/skylark-domx/skylark-domx-query.git#master",
        "skylark-langx": "git+https://github.com/skylark-langx/skylark-langx.git#master"
      }
    },
    "skylark-langx": {
      "version": "git+https://github.com/skylark-langx/skylark-langx.git#3552beb955e9b79971658614dafe10b6dd6b71c3",
      "from": "git+https://github.com/skylark-langx/skylark-langx.git#master",
      "requires": {
        "skylark-langx-arrays": "git+https://github.com/skylark-langx/skylark-langx-arrays.git#master",
        "skylark-langx-aspect": "git+https://github.com/skylark-langx/skylark-langx-aspect.git#master",
        "skylark-langx-async": "git+https://github.com/skylark-langx/skylark-langx-async.git#master",
        "skylark-langx-binary": "git+https://github.com/skylark-langx/skylark-langx-binary.git#master",
        "skylark-langx-datetimes": "git+https://github.com/skylark-langx/skylark-langx-datetimes.git#master",
        "skylark-langx-events": "git+https://github.com/skylark-langx/skylark-langx-events.git#master",
        "skylark-langx-funcs": "git+https://github.com/skylark-langx/skylark-langx-funcs.git#master",
        "skylark-langx-hoster": "git+https://github.com/skylark-langx/skylark-langx-hoster.git#master",
        "skylark-langx-klass": "git+https://github.com/skylark-langx/skylark-langx-klass.git#master",
        "skylark-langx-maths": "git+https://github.com/skylark-langx/skylark-langx-maths.git#master",
        "skylark-langx-ns": "git+https://github.com/skylark-langx/skylark-langx-ns.git#master",
        "skylark-langx-numbers": "git+https://github.com/skylark-langx/skylark-langx-numbers.git#master",
        "skylark-langx-objects": "git+https://github.com/skylark-langx/skylark-langx-objects.git#master",
        "skylark-langx-strings": "git+https://github.com/skylark-langx/skylark-langx-strings.git#master",
        "skylark-langx-topic": "git+https://github.com/skylark-langx/skylark-langx-topic.git#master",
        "skylark-langx-types": "git+https://github.com/skylark-langx/skylark-langx-types.git#master"
      }
    },
    "skylark-langx-arrays": {
      "version": "git+https://github.com/skylark-langx/skylark-langx-arrays.git#46e034beb1ad156a40df722aa6529ea1907c6654",
      "from": "git+https://github.com/skylark-langx/skylark-langx-arrays.git#master",
      "requires": {
        "skylark-langx-ns": "git+https://github.com/skylark-langx/skylark-langx-ns.git#master",
        "skylark-langx-objects": "git+https://github.com/skylark-langx/skylark-langx-objects.git#master",
        "skylark-langx-types": "git+https://github.com/skylark-langx/skylark-langx-types.git#master"
      }
    },
    "skylark-langx-aspect": {
      "version": "git+https://github.com/skylark-langx/skylark-langx-aspect.git#b563751aa50a08a767993c64842d6298999d7f89",
      "from": "git+https://github.com/skylark-langx/skylark-langx-aspect.git#master",
      "requires": {
        "skylark-langx-ns": "git+https://github.com/skylark-langx/skylark-langx-ns.git#master"
      }
    },
    "skylark-langx-async": {
      "version": "git+https://github.com/skylark-langx/skylark-langx-async.git#250c620daa8e3b6d8da43d8adaed330497652743",
      "from": "git+https://github.com/skylark-langx/skylark-langx-async.git#master",
      "requires": {
        "skylark-langx-arrays": "git+https://github.com/skylark-langx/skylark-langx-arrays.git#master",
        "skylark-langx-funcs": "git+https://github.com/skylark-langx/skylark-langx-funcs.git#master",
        "skylark-langx-ns": "git+https://github.com/skylark-langx/skylark-langx-ns.git#master",
        "skylark-langx-objects": "git+https://github.com/skylark-langx/skylark-langx-objects.git#master",
        "skylark-langx-types": "git+https://github.com/skylark-langx/skylark-langx-types.git#master"
      }
    },
    "skylark-langx-binary": {
      "version": "git+https://github.com/skylark-langx/skylark-langx-binary.git#809a917364b90567d0374e25a386eab55b1b9f43",
      "from": "git+https://github.com/skylark-langx/skylark-langx-binary.git#master",
      "requires": {
        "skylark-langx-ns": "git+https://github.com/skylark-langx/skylark-langx-ns.git#master",
        "skylark-langx-types": "git+https://github.com/skylark-langx/skylark-langx-types.git#master"
      }
    },
    "skylark-langx-datetimes": {
      "version": "git+https://github.com/skylark-langx/skylark-langx-datetimes.git#1e07f2b15d0065d9e3b2004a7f060507a9576ebd",
      "from": "git+https://github.com/skylark-langx/skylark-langx-datetimes.git#master",
      "requires": {
        "skylark-langx-ns": "git+https://github.com/skylark-langx/skylark-langx-ns.git#master"
      }
    },
    "skylark-langx-emitter": {
      "version": "git+https://github.com/skylark-langx/skylark-langx-emitter.git#723f5f4bd6cf437238fa2eab2ad76d5e4e0b1324",
      "from": "git+https://github.com/skylark-langx/skylark-langx-emitter.git#master",
      "requires": {
        "skylark-langx-events": "git+https://github.com/skylark-langx/skylark-langx-events.git#master"
      }
    },
    "skylark-langx-events": {
      "version": "git+https://github.com/skylark-langx/skylark-langx-events.git#490bb89b90f63291819b920f72e494bac870862c",
      "from": "git+https://github.com/skylark-langx/skylark-langx-events.git#master",
      "requires": {
        "skylark-langx-arrays": "git+https://github.com/skylark-langx/skylark-langx-arrays.git#master",
        "skylark-langx-funcs": "git+https://github.com/skylark-langx/skylark-langx-funcs.git#master",
        "skylark-langx-hoster": "git+https://github.com/skylark-langx/skylark-langx-hoster.git#master",
        "skylark-langx-klass": "git+https://github.com/skylark-langx/skylark-langx-klass.git#master",
        "skylark-langx-ns": "git+https://github.com/skylark-langx/skylark-langx-ns.git#master",
        "skylark-langx-objects": "git+https://github.com/skylark-langx/skylark-langx-objects.git#master",
        "skylark-langx-types": "git+https://github.com/skylark-langx/skylark-langx-types.git#master"
      }
    },
    "skylark-langx-funcs": {
      "version": "git+https://github.com/skylark-langx/skylark-langx-funcs.git#03309cd883511dc89cb9caf9553ed02768cc63d3",
      "from": "git+https://github.com/skylark-langx/skylark-langx-funcs.git#master",
      "requires": {
        "skylark-langx-ns": "git+https://github.com/skylark-langx/skylark-langx-ns.git#master",
        "skylark-langx-objects": "git+https://github.com/skylark-langx/skylark-langx-objects.git#master",
        "skylark-langx-types": "git+https://github.com/skylark-langx/skylark-langx-types.git#master"
      }
    },
    "skylark-langx-hoster": {
      "version": "git+https://github.com/skylark-langx/skylark-langx-hoster.git#61217b2eb2ce6d4d2923cd62b9deec3ee9f94d70",
      "from": "git+https://github.com/skylark-langx/skylark-langx-hoster.git#master",
      "requires": {
        "skylark-langx-ns": "git+https://github.com/skylark-langx/skylark-langx-ns.git#master"
      }
    },
    "skylark-langx-klass": {
      "version": "git+https://github.com/skylark-langx/skylark-langx-klass.git#bee8937fad14ad9ced2ecdae8a60156964c571d2",
      "from": "git+https://github.com/skylark-langx/skylark-langx-klass.git#master",
      "requires": {
        "skylark-langx-arrays": "git+https://github.com/skylark-langx/skylark-langx-arrays.git#master",
        "skylark-langx-ns": "git+https://github.com/skylark-langx/skylark-langx-ns.git#master",
        "skylark-langx-objects": "git+https://github.com/skylark-langx/skylark-langx-objects.git#master",
        "skylark-langx-types": "git+https://github.com/skylark-langx/skylark-langx-types.git#master"
      }
    },
    "skylark-langx-maths": {
      "version": "git+https://github.com/skylark-langx/skylark-langx-maths.git#f5c9f5d91c9f2a0e09761113606e7b11f0351bd6",
      "from": "git+https://github.com/skylark-langx/skylark-langx-maths.git#master",
      "requires": {
        "skylark-langx-ns": "git+https://github.com/skylark-langx/skylark-langx-ns.git#master",
        "skylark-langx-types": "git+https://github.com/skylark-langx/skylark-langx-types.git#master"
      }
    },
    "skylark-langx-ns": {
      "version": "git+https://github.com/skylark-langx/skylark-langx-ns.git#a2c2d17dd695e6a11de77d82a0a050da8ffd2759",
      "from": "git+https://github.com/skylark-langx/skylark-langx-ns.git#master"
    },
    "skylark-langx-numbers": {
      "version": "git+https://github.com/skylark-langx/skylark-langx-numbers.git#bfdd3da59d9ce34c5bcdd3cff631dc4ca9e86da6",
      "from": "git+https://github.com/skylark-langx/skylark-langx-numbers.git#master",
      "requires": {
        "skylark-langx-maths": "git+https://github.com/skylark-langx/skylark-langx-maths.git#master",
        "skylark-langx-ns": "git+https://github.com/skylark-langx/skylark-langx-ns.git#master",
        "skylark-langx-types": "git+https://github.com/skylark-langx/skylark-langx-types.git#master"
      }
    },
    "skylark-langx-objects": {
      "version": "git+https://github.com/skylark-langx/skylark-langx-objects.git#4e89cbd45fa97e73827fa4fd33ba0cdbc96b5597",
      "from": "git+https://github.com/skylark-langx/skylark-langx-objects.git#master",
      "requires": {
        "skylark-langx-ns": "git+https://github.com/skylark-langx/skylark-langx-ns.git#master",
        "skylark-langx-numbers": "git+https://github.com/skylark-langx/skylark-langx-numbers.git#master",
        "skylark-langx-types": "git+https://github.com/skylark-langx/skylark-langx-types.git#master"
      }
    },
    "skylark-langx-strings": {
      "version": "git+https://github.com/skylark-langx/skylark-langx-strings.git#b12338e0cd6d4b16276214b963256077b9be8abb",
      "from": "git+https://github.com/skylark-langx/skylark-langx-strings.git#master",
      "requires": {
        "skylark-langx-ns": "git+https://github.com/skylark-langx/skylark-langx-ns.git#master"
      }
    },
    "skylark-langx-topic": {
      "version": "git+https://github.com/skylark-langx/skylark-langx-topic.git#d4844e8edba82a88ef186d7ff4e430be4bc0e164",
      "from": "git+https://github.com/skylark-langx/skylark-langx-topic.git#master",
      "requires": {
        "skylark-langx-emitter": "git+https://github.com/skylark-langx/skylark-langx-emitter.git#master",
        "skylark-langx-ns": "git+https://github.com/skylark-langx/skylark-langx-ns.git#master"
      }
    },
    "skylark-langx-types": {
      "version": "git+https://github.com/skylark-langx/skylark-langx-types.git#4243273142e1a995978628c60e7578a5a325c959",
      "from": "git+https://github.com/skylark-langx/skylark-langx-types.git#master",
      "requires": {
        "skylark-langx-ns": "git+https://github.com/skylark-langx/skylark-langx-ns.git#master"
      }
    },
    "skylark-net-http": {
      "version": "git+https://github.com/skylark-net/skylark-net-http.git#6edc40389579dee3b42e4a99465f1352f3f1f7a4",
      "from": "git+https://github.com/skylark-net/skylark-net-http.git#master",
      "requires": {
        "skylark-langx-arrays": "git+https://github.com/skylark-langx/skylark-langx-arrays.git#master",
        "skylark-langx-async": "git+https://github.com/skylark-langx/skylark-langx-async.git#master",
        "skylark-langx-emitter": "git+https://github.com/skylark-langx/skylark-langx-emitter.git#master",
        "skylark-langx-funcs": "git+https://github.com/skylark-langx/skylark-langx-funcs.git#master",
        "skylark-langx-ns": "git+https://github.com/skylark-langx/skylark-langx-ns.git#master",
        "skylark-langx-objects": "git+https://github.com/skylark-langx/skylark-langx-objects.git#master",
        "skylark-langx-strings": "git+https://github.com/skylark-langx/skylark-langx-strings.git#master",
        "skylark-langx-types": "git+https://github.com/skylark-langx/skylark-langx-types.git#master"
      }
    }
  }
}
